
Microsoft Visual Studio Solution File, Format Version 12.00
# Visual Studio Version 17
VisualStudioVersion = 17.14.36221.1
MinimumVisualStudioVersion = 10.0.40219.1
Project("{2150E333-8FDC-42A3-9474-1A3956D46DE8}") = "src", "src", "{827E0CD3-B72D-47B6-A68D-7590B98EB39B}"
EndProject
Project("{FAE04EC0-301F-11D3-BF4B-00C04F79EFBC}") = "BulletinBoard.Domain", "src\BulletinBoard.Domain\BulletinBoard.Domain.csproj", "{39AD7B3B-6BE1-455A-9667-4BA5993F52D0}"
EndProject
Project("{FAE04EC0-301F-11D3-BF4B-00C04F79EFBC}") = "BulletinBoard.Application", "src\BulletinBoard.Application\BulletinBoard.Application.csproj", "{CF224467-A2EF-44FA-B706-239DCC25DE77}"
EndProject
Project("{FAE04EC0-301F-11D3-BF4B-00C04F79EFBC}") = "BulletinBoard.Infrastructure", "src\BulletinBoard.Infrastructure\BulletinBoard.Infrastructure.csproj", "{AAF32FE3-8AED-4176-89D9-7652748D57FD}"
EndProject
Project("{FAE04EC0-301F-11D3-BF4B-00C04F79EFBC}") = "BulletinBoard.Api", "src\BulletinBoard.Api\BulletinBoard.Api.csproj", "{C06372AC-262B-4236-BE53-593D6CA6A822}"
EndProject
Project("{FAE04EC0-301F-11D3-BF4B-00C04F79EFBC}") = "BulletinBoard.Ui", "src\BulletinBoard.Ui\BulletinBoard.Ui.csproj", "{AAD93A96-0807-4E18-A11B-41D64575D7BD}"
EndProject
Global
	GlobalSection(SolutionConfigurationPlatforms) = preSolution
		Debug|Any CPU = Debug|Any CPU
		Debug|x64 = Debug|x64
		Debug|x86 = Debug|x86
		Release|Any CPU = Release|Any CPU
		Release|x64 = Release|x64
		Release|x86 = Release|x86
	EndGlobalSection
	GlobalSection(ProjectConfigurationPlatforms) = postSolution
		{39AD7B3B-6BE1-455A-9667-4BA5993F52D0}.Debug|Any CPU.ActiveCfg = Debug|Any CPU
		{39AD7B3B-6BE1-455A-9667-4BA5993F52D0}.Debug|Any CPU.Build.0 = Debug|Any CPU
		{39AD7B3B-6BE1-455A-9667-4BA5993F52D0}.Debug|x64.ActiveCfg = Debug|Any CPU
		{39AD7B3B-6BE1-455A-9667-4BA5993F52D0}.Debug|x64.Build.0 = Debug|Any CPU
		{39AD7B3B-6BE1-455A-9667-4BA5993F52D0}.Debug|x86.ActiveCfg = Debug|Any CPU
		{39AD7B3B-6BE1-455A-9667-4BA5993F52D0}.Debug|x86.Build.0 = Debug|Any CPU
		{39AD7B3B-6BE1-455A-9667-4BA5993F52D0}.Release|Any CPU.ActiveCfg = Release|Any CPU
		{39AD7B3B-6BE1-455A-9667-4BA5993F52D0}.Release|Any CPU.Build.0 = Release|Any CPU
		{39AD7B3B-6BE1-455A-9667-4BA5993F52D0}.Release|x64.ActiveCfg = Release|Any CPU
		{39AD7B3B-6BE1-455A-9667-4BA5993F52D0}.Release|x64.Build.0 = Release|Any CPU
		{39AD7B3B-6BE1-455A-9667-4BA5993F52D0}.Release|x86.ActiveCfg = Release|Any CPU
		{39AD7B3B-6BE1-455A-9667-4BA5993F52D0}.Release|x86.Build.0 = Release|Any CPU
		{CF224467-A2EF-44FA-B706-239DCC25DE77}.Debug|Any CPU.ActiveCfg = Debug|Any CPU
		{CF224467-A2EF-44FA-B706-239DCC25DE77}.Debug|Any CPU.Build.0 = Debug|Any CPU
		{CF224467-A2EF-44FA-B706-239DCC25DE77}.Debug|x64.ActiveCfg = Debug|Any CPU
		{CF224467-A2EF-44FA-B706-239DCC25DE77}.Debug|x64.Build.0 = Debug|Any CPU
		{CF224467-A2EF-44FA-B706-239DCC25DE77}.Debug|x86.ActiveCfg = Debug|Any CPU
		{CF224467-A2EF-44FA-B706-239DCC25DE77}.Debug|x86.Build.0 = Debug|Any CPU
		{CF224467-A2EF-44FA-B706-239DCC25DE77}.Release|Any CPU.ActiveCfg = Release|Any CPU
		{CF224467-A2EF-44FA-B706-239DCC25DE77}.Release|Any CPU.Build.0 = Release|Any CPU
		{CF224467-A2EF-44FA-B706-239DCC25DE77}.Release|x64.ActiveCfg = Release|Any CPU
		{CF224467-A2EF-44FA-B706-239DCC25DE77}.Release|x64.Build.0 = Release|Any CPU
		{CF224467-A2EF-44FA-B706-239DCC25DE77}.Release|x86.ActiveCfg = Release|Any CPU
		{CF224467-A2EF-44FA-B706-239DCC25DE77}.Release|x86.Build.0 = Release|Any CPU
		{AAF32FE3-8AED-4176-89D9-7652748D57FD}.Debug|Any CPU.ActiveCfg = Debug|Any CPU
		{AAF32FE3-8AED-4176-89D9-7652748D57FD}.Debug|Any CPU.Build.0 = Debug|Any CPU
		{AAF32FE3-8AED-4176-89D9-7652748D57FD}.Debug|x64.ActiveCfg = Debug|Any CPU
		{AAF32FE3-8AED-4176-89D9-7652748D57FD}.Debug|x64.Build.0 = Debug|Any CPU
		{AAF32FE3-8AED-4176-89D9-7652748D57FD}.Debug|x86.ActiveCfg = Debug|Any CPU
		{AAF32FE3-8AED-4176-89D9-7652748D57FD}.Debug|x86.Build.0 = Debug|Any CPU
		{AAF32FE3-8AED-4176-89D9-7652748D57FD}.Release|Any CPU.ActiveCfg = Release|Any CPU
		{AAF32FE3-8AED-4176-89D9-7652748D57FD}.Release|Any CPU.Build.0 = Release|Any CPU
		{AAF32FE3-8AED-4176-89D9-7652748D57FD}.Release|x64.ActiveCfg = Release|Any CPU
		{AAF32FE3-8AED-4176-89D9-7652748D57FD}.Release|x64.Build.0 = Release|Any CPU
		{AAF32FE3-8AED-4176-89D9-7652748D57FD}.Release|x86.ActiveCfg = Release|Any CPU
		{AAF32FE3-8AED-4176-89D9-7652748D57FD}.Release|x86.Build.0 = Release|Any CPU
		{C06372AC-262B-4236-BE53-593D6CA6A822}.Debug|Any CPU.ActiveCfg = Debug|Any CPU
		{C06372AC-262B-4236-BE53-593D6CA6A822}.Debug|Any CPU.Build.0 = Debug|Any CPU
		{C06372AC-262B-4236-BE53-593D6CA6A822}.Debug|x64.ActiveCfg = Debug|Any CPU
		{C06372AC-262B-4236-BE53-593D6CA6A822}.Debug|x64.Build.0 = Debug|Any CPU
		{C06372AC-262B-4236-BE53-593D6CA6A822}.Debug|x86.ActiveCfg = Debug|Any CPU
		{C06372AC-262B-4236-BE53-593D6CA6A822}.Debug|x86.Build.0 = Debug|Any CPU
		{C06372AC-262B-4236-BE53-593D6CA6A822}.Release|Any CPU.ActiveCfg = Release|Any CPU
		{C06372AC-262B-4236-BE53-593D6CA6A822}.Release|Any CPU.Build.0 = Release|Any CPU
		{C06372AC-262B-4236-BE53-593D6CA6A822}.Release|x64.ActiveCfg = Release|Any CPU
		{C06372AC-262B-4236-BE53-593D6CA6A822}.Release|x64.Build.0 = Release|Any CPU
		{C06372AC-262B-4236-BE53-593D6CA6A822}.Release|x86.ActiveCfg = Release|Any CPU
		{C06372AC-262B-4236-BE53-593D6CA6A822}.Release|x86.Build.0 = Release|Any CPU
		{AAD93A96-0807-4E18-A11B-41D64575D7BD}.Debug|Any CPU.ActiveCfg = Debug|Any CPU
		{AAD93A96-0807-4E18-A11B-41D64575D7BD}.Debug|Any CPU.Build.0 = Debug|Any CPU
		{AAD93A96-0807-4E18-A11B-41D64575D7BD}.Debug|x64.ActiveCfg = Debug|Any CPU
		{AAD93A96-0807-4E18-A11B-41D64575D7BD}.Debug|x64.Build.0 = Debug|Any CPU
		{AAD93A96-0807-4E18-A11B-41D64575D7BD}.Debug|x86.ActiveCfg = Debug|Any CPU
		{AAD93A96-0807-4E18-A11B-41D64575D7BD}.Debug|x86.Build.0 = Debug|Any CPU
		{AAD93A96-0807-4E18-A11B-41D64575D7BD}.Release|Any CPU.ActiveCfg = Release|Any CPU
		{AAD93A96-0807-4E18-A11B-41D64575D7BD}.Release|Any CPU.Build.0 = Release|Any CPU
		{AAD93A96-0807-4E18-A11B-41D64575D7BD}.Release|x64.ActiveCfg = Release|Any CPU
		{AAD93A96-0807-4E18-A11B-41D64575D7BD}.Release|x64.Build.0 = Release|Any CPU
		{AAD93A96-0807-4E18-A11B-41D64575D7BD}.Release|x86.ActiveCfg = Release|Any CPU
		{AAD93A96-0807-4E18-A11B-41D64575D7BD}.Release|x86.Build.0 = Release|Any CPU
	EndGlobalSection
	GlobalSection(SolutionProperties) = preSolution
		HideSolutionNode = FALSE
	EndGlobalSection
	GlobalSection(NestedProjects) = preSolution
		{39AD7B3B-6BE1-455A-9667-4BA5993F52D0} = {827E0CD3-B72D-47B6-A68D-7590B98EB39B}
		{CF224467-A2EF-44FA-B706-239DCC25DE77} = {827E0CD3-B72D-47B6-A68D-7590B98EB39B}
		{AAF32FE3-8AED-4176-89D9-7652748D57FD} = {827E0CD3-B72D-47B6-A68D-7590B98EB39B}
		{C06372AC-262B-4236-BE53-593D6CA6A822} = {827E0CD3-B72D-47B6-A68D-7590B98EB39B}
		{AAD93A96-0807-4E18-A11B-41D64575D7BD} = {827E0CD3-B72D-47B6-A68D-7590B98EB39B}
	EndGlobalSection
	GlobalSection(ExtensibilityGlobals) = postSolution
		SolutionGuid = {D17BEFA0-CED2-4A39-86AD-E3A07D393392}
	EndGlobalSection
EndGlobal
