
Microsoft Visual Studio Solution File, Format Version 12.00
# Visual Studio Version 17
VisualStudioVersion = 17.14.36221.1
MinimumVisualStudioVersion = 10.0.40219.1
Project("{2150E333-8FDC-42A3-9474-1A3956D46DE8}") = "src", "src", "{827E0CD3-B72D-47B6-A68D-7590B98EB39B}"
EndProject
Project("{FAE04EC0-301F-11D3-BF4B-00C04F79EFBC}") = "BulletinBoard.Api", "src\api\BulletinBoard.Api\BulletinBoard.Api.csproj", "{9CC0A3E0-9009-829F-9385-07FE4FDBEC48}"
EndProject
Project("{FAE04EC0-301F-11D3-BF4B-00C04F79EFBC}") = "BulletinBoard.Application", "src\api\BulletinBoard.Application\BulletinBoard.Application.csproj", "{1E0313FF-26D1-6B32-F18C-A8974C4FE229}"
EndProject
Project("{FAE04EC0-301F-11D3-BF4B-00C04F79EFBC}") = "BulletinBoard.Domain", "src\api\BulletinBoard.Domain\BulletinBoard.Domain.csproj", "{3A4F1CB8-6301-3739-CBE6-64C3F741906A}"
EndProject
Project("{FAE04EC0-301F-11D3-BF4B-00C04F79EFBC}") = "BulletinBoard.Infrastructure", "src\api\BulletinBoard.Infrastructure\BulletinBoard.Infrastructure.csproj", "{B61315EA-34E1-EA5A-3219-031C95B2CE47}"
EndProject
Project("{FAE04EC0-301F-11D3-BF4B-00C04F79EFBC}") = "BulletinBoard.Ui", "src\ui\BulletinBoard.Ui\BulletinBoard.Ui.csproj", "{01028FCC-3CFE-9CE6-55C8-BEC30D42324E}"
EndProject
Global
	GlobalSection(SolutionConfigurationPlatforms) = preSolution
		Debug|Any CPU = Debug|Any CPU
		Debug|x64 = Debug|x64
		Debug|x86 = Debug|x86
		Release|Any CPU = Release|Any CPU
		Release|x64 = Release|x64
		Release|x86 = Release|x86
	EndGlobalSection
	GlobalSection(ProjectConfigurationPlatforms) = postSolution
		{9CC0A3E0-9009-829F-9385-07FE4FDBEC48}.Debug|Any CPU.ActiveCfg = Debug|Any CPU
		{9CC0A3E0-9009-829F-9385-07FE4FDBEC48}.Debug|Any CPU.Build.0 = Debug|Any CPU
		{9CC0A3E0-9009-829F-9385-07FE4FDBEC48}.Debug|x64.ActiveCfg = Debug|Any CPU
		{9CC0A3E0-9009-829F-9385-07FE4FDBEC48}.Debug|x64.Build.0 = Debug|Any CPU
		{9CC0A3E0-9009-829F-9385-07FE4FDBEC48}.Debug|x86.ActiveCfg = Debug|Any CPU
		{9CC0A3E0-9009-829F-9385-07FE4FDBEC48}.Debug|x86.Build.0 = Debug|Any CPU
		{9CC0A3E0-9009-829F-9385-07FE4FDBEC48}.Release|Any CPU.ActiveCfg = Release|Any CPU
		{9CC0A3E0-9009-829F-9385-07FE4FDBEC48}.Release|Any CPU.Build.0 = Release|Any CPU
		{9CC0A3E0-9009-829F-9385-07FE4FDBEC48}.Release|x64.ActiveCfg = Release|Any CPU
		{9CC0A3E0-9009-829F-9385-07FE4FDBEC48}.Release|x64.Build.0 = Release|Any CPU
		{9CC0A3E0-9009-829F-9385-07FE4FDBEC48}.Release|x86.ActiveCfg = Release|Any CPU
		{9CC0A3E0-9009-829F-9385-07FE4FDBEC48}.Release|x86.Build.0 = Release|Any CPU
		{1E0313FF-26D1-6B32-F18C-A8974C4FE229}.Debug|Any CPU.ActiveCfg = Debug|Any CPU
		{1E0313FF-26D1-6B32-F18C-A8974C4FE229}.Debug|Any CPU.Build.0 = Debug|Any CPU
		{1E0313FF-26D1-6B32-F18C-A8974C4FE229}.Debug|x64.ActiveCfg = Debug|Any CPU
		{1E0313FF-26D1-6B32-F18C-A8974C4FE229}.Debug|x64.Build.0 = Debug|Any CPU
		{1E0313FF-26D1-6B32-F18C-A8974C4FE229}.Debug|x86.ActiveCfg = Debug|Any CPU
		{1E0313FF-26D1-6B32-F18C-A8974C4FE229}.Debug|x86.Build.0 = Debug|Any CPU
		{1E0313FF-26D1-6B32-F18C-A8974C4FE229}.Release|Any CPU.ActiveCfg = Release|Any CPU
		{1E0313FF-26D1-6B32-F18C-A8974C4FE229}.Release|Any CPU.Build.0 = Release|Any CPU
		{1E0313FF-26D1-6B32-F18C-A8974C4FE229}.Release|x64.ActiveCfg = Release|Any CPU
		{1E0313FF-26D1-6B32-F18C-A8974C4FE229}.Release|x64.Build.0 = Release|Any CPU
		{1E0313FF-26D1-6B32-F18C-A8974C4FE229}.Release|x86.ActiveCfg = Release|Any CPU
		{1E0313FF-26D1-6B32-F18C-A8974C4FE229}.Release|x86.Build.0 = Release|Any CPU
		{3A4F1CB8-6301-3739-CBE6-64C3F741906A}.Debug|Any CPU.ActiveCfg = Debug|Any CPU
		{3A4F1CB8-6301-3739-CBE6-64C3F741906A}.Debug|Any CPU.Build.0 = Debug|Any CPU
		{3A4F1CB8-6301-3739-CBE6-64C3F741906A}.Debug|x64.ActiveCfg = Debug|Any CPU
		{3A4F1CB8-6301-3739-CBE6-64C3F741906A}.Debug|x64.Build.0 = Debug|Any CPU
		{3A4F1CB8-6301-3739-CBE6-64C3F741906A}.Debug|x86.ActiveCfg = Debug|Any CPU
		{3A4F1CB8-6301-3739-CBE6-64C3F741906A}.Debug|x86.Build.0 = Debug|Any CPU
		{3A4F1CB8-6301-3739-CBE6-64C3F741906A}.Release|Any CPU.ActiveCfg = Release|Any CPU
		{3A4F1CB8-6301-3739-CBE6-64C3F741906A}.Release|Any CPU.Build.0 = Release|Any CPU
		{3A4F1CB8-6301-3739-CBE6-64C3F741906A}.Release|x64.ActiveCfg = Release|Any CPU
		{3A4F1CB8-6301-3739-CBE6-64C3F741906A}.Release|x64.Build.0 = Release|Any CPU
		{3A4F1CB8-6301-3739-CBE6-64C3F741906A}.Release|x86.ActiveCfg = Release|Any CPU
		{3A4F1CB8-6301-3739-CBE6-64C3F741906A}.Release|x86.Build.0 = Release|Any CPU
		{B61315EA-34E1-EA5A-3219-031C95B2CE47}.Debug|Any CPU.ActiveCfg = Debug|Any CPU
		{B61315EA-34E1-EA5A-3219-031C95B2CE47}.Debug|Any CPU.Build.0 = Debug|Any CPU
		{B61315EA-34E1-EA5A-3219-031C95B2CE47}.Debug|x64.ActiveCfg = Debug|Any CPU
		{B61315EA-34E1-EA5A-3219-031C95B2CE47}.Debug|x64.Build.0 = Debug|Any CPU
		{B61315EA-34E1-EA5A-3219-031C95B2CE47}.Debug|x86.ActiveCfg = Debug|Any CPU
		{B61315EA-34E1-EA5A-3219-031C95B2CE47}.Debug|x86.Build.0 = Debug|Any CPU
		{B61315EA-34E1-EA5A-3219-031C95B2CE47}.Release|Any CPU.ActiveCfg = Release|Any CPU
		{B61315EA-34E1-EA5A-3219-031C95B2CE47}.Release|Any CPU.Build.0 = Release|Any CPU
		{B61315EA-34E1-EA5A-3219-031C95B2CE47}.Release|x64.ActiveCfg = Release|Any CPU
		{B61315EA-34E1-EA5A-3219-031C95B2CE47}.Release|x64.Build.0 = Release|Any CPU
		{B61315EA-34E1-EA5A-3219-031C95B2CE47}.Release|x86.ActiveCfg = Release|Any CPU
		{B61315EA-34E1-EA5A-3219-031C95B2CE47}.Release|x86.Build.0 = Release|Any CPU
		{01028FCC-3CFE-9CE6-55C8-BEC30D42324E}.Debug|Any CPU.ActiveCfg = Debug|Any CPU
		{01028FCC-3CFE-9CE6-55C8-BEC30D42324E}.Debug|Any CPU.Build.0 = Debug|Any CPU
		{01028FCC-3CFE-9CE6-55C8-BEC30D42324E}.Debug|x64.ActiveCfg = Debug|Any CPU
		{01028FCC-3CFE-9CE6-55C8-BEC30D42324E}.Debug|x64.Build.0 = Debug|Any CPU
		{01028FCC-3CFE-9CE6-55C8-BEC30D42324E}.Debug|x86.ActiveCfg = Debug|Any CPU
		{01028FCC-3CFE-9CE6-55C8-BEC30D42324E}.Debug|x86.Build.0 = Debug|Any CPU
		{01028FCC-3CFE-9CE6-55C8-BEC30D42324E}.Release|Any CPU.ActiveCfg = Release|Any CPU
		{01028FCC-3CFE-9CE6-55C8-BEC30D42324E}.Release|Any CPU.Build.0 = Release|Any CPU
		{01028FCC-3CFE-9CE6-55C8-BEC30D42324E}.Release|x64.ActiveCfg = Release|Any CPU
		{01028FCC-3CFE-9CE6-55C8-BEC30D42324E}.Release|x64.Build.0 = Release|Any CPU
		{01028FCC-3CFE-9CE6-55C8-BEC30D42324E}.Release|x86.ActiveCfg = Release|Any CPU
		{01028FCC-3CFE-9CE6-55C8-BEC30D42324E}.Release|x86.Build.0 = Release|Any CPU
	EndGlobalSection
	GlobalSection(SolutionProperties) = preSolution
		HideSolutionNode = FALSE
	EndGlobalSection
	GlobalSection(NestedProjects) = preSolution
		{9CC0A3E0-9009-829F-9385-07FE4FDBEC48} = {827E0CD3-B72D-47B6-A68D-7590B98EB39B}
		{1E0313FF-26D1-6B32-F18C-A8974C4FE229} = {827E0CD3-B72D-47B6-A68D-7590B98EB39B}
		{3A4F1CB8-6301-3739-CBE6-64C3F741906A} = {827E0CD3-B72D-47B6-A68D-7590B98EB39B}
		{B61315EA-34E1-EA5A-3219-031C95B2CE47} = {827E0CD3-B72D-47B6-A68D-7590B98EB39B}
		{01028FCC-3CFE-9CE6-55C8-BEC30D42324E} = {827E0CD3-B72D-47B6-A68D-7590B98EB39B}
	EndGlobalSection
	GlobalSection(ExtensibilityGlobals) = postSolution
		SolutionGuid = {D17BEFA0-CED2-4A39-86AD-E3A07D393392}
	EndGlobalSection
EndGlobal
